
Microsoft Visual Studio Solution File, Format Version 12.00
# Visual Studio Version 17
VisualStudioVersion = 17.10.35027.167
MinimumVisualStudioVersion = 10.0.40219.1
Project("{2150E333-8FDC-42A3-9474-1A3956D46DE8}") = "Services", "Services", "{AB9B1262-9BEE-4FEF-9FBF-D807A69D25A6}"
EndProject
Project("{2150E333-8FDC-42A3-9474-1A3956D46DE8}") = "Catalog", "Catalog", "{5E0C24C5-724F-44AC-BC72-446AFB99E979}"
EndProject
Project("{FAE04EC0-301F-11D3-BF4B-00C04F79EFBC}") = "Catalog.API", "Services\Catalog\Catalog.API\Catalog.API.csproj", "{DB41CD61-30FF-441F-80E8-2EDD963593B3}"
EndProject
Global
	GlobalSection(SolutionConfigurationPlatforms) = preSolution
		Debug|Any CPU = Debug|Any CPU
		Release|Any CPU = Release|Any CPU
	EndGlobalSection
	GlobalSection(ProjectConfigurationPlatforms) = postSolution
		{DB41CD61-30FF-441F-80E8-2EDD963593B3}.Debug|Any CPU.ActiveCfg = Debug|Any CPU
		{DB41CD61-30FF-441F-80E8-2EDD963593B3}.Debug|Any CPU.Build.0 = Debug|Any CPU
		{DB41CD61-30FF-441F-80E8-2EDD963593B3}.Release|Any CPU.ActiveCfg = Release|Any CPU
		{DB41CD61-30FF-441F-80E8-2EDD963593B3}.Release|Any CPU.Build.0 = Release|Any CPU
	EndGlobalSection
	GlobalSection(SolutionProperties) = preSolution
		HideSolutionNode = FALSE
	EndGlobalSection
	GlobalSection(NestedProjects) = preSolution
		{5E0C24C5-724F-44AC-BC72-446AFB99E979} = {AB9B1262-9BEE-4FEF-9FBF-D807A69D25A6}
		{DB41CD61-30FF-441F-80E8-2EDD963593B3} = {5E0C24C5-724F-44AC-BC72-446AFB99E979}
	EndGlobalSection
	GlobalSection(ExtensibilityGlobals) = postSolution
		SolutionGuid = {3117646E-7C88-4933-A905-4C7EC3976604}
	EndGlobalSection
EndGlobal
