
Microsoft Visual Studio Solution File, Format Version 12.00
# Visual Studio Version 17
VisualStudioVersion = 17.10.35027.167
MinimumVisualStudioVersion = 10.0.40219.1
Project("{2150E333-8FDC-42A3-9474-1A3956D46DE8}") = "Services", "Services", "{AB9B1262-9BEE-4FEF-9FBF-D807A69D25A6}"
EndProject
Project("{2150E333-8FDC-42A3-9474-1A3956D46DE8}") = "Catalog", "Catalog", "{5E0C24C5-724F-44AC-BC72-446AFB99E979}"
EndProject
Project("{9A19103F-16F7-4668-BE54-9A1E7A4F7556}") = "Catalog.API", "Services\Catalog\Catalog.API\Catalog.API.csproj", "{DB41CD61-30FF-441F-80E8-2EDD963593B3}"
EndProject
Project("{2150E333-8FDC-42A3-9474-1A3956D46DE8}") = "BuildingBlocks", "BuildingBlocks", "{D5830BC0-A693-4572-ADBB-F05F2506B985}"
EndProject
Project("{9A19103F-16F7-4668-BE54-9A1E7A4F7556}") = "BuildingBlocks", "BuildingBlocks\BuildingBlocks\BuildingBlocks.csproj", "{58D9401A-9C52-4D11-B013-5BE292566C84}"
EndProject
Project("{E53339B2-1760-4266-BCC7-CA923CBCF16C}") = "docker-compose", "docker-compose.dcproj", "{0C78F7B7-0374-469A-BC60-DB026E03F75E}"
EndProject
Project("{2150E333-8FDC-42A3-9474-1A3956D46DE8}") = "Basket", "Basket", "{F9EFAB04-D6D9-4CA9-8204-D0ECB74A987B}"
EndProject
Project("{FAE04EC0-301F-11D3-BF4B-00C04F79EFBC}") = "Basket.API", "Services\Basket\Basket.API\Basket.API.csproj", "{C9881001-1BC4-4D38-9124-F10D28A854FC}"
EndProject
Project("{2150E333-8FDC-42A3-9474-1A3956D46DE8}") = "Discount", "Discount", "{CC7BD54F-DF89-4F0D-844B-CB30177E4983}"
EndProject
Project("{FAE04EC0-301F-11D3-BF4B-00C04F79EFBC}") = "Discount.Grpc", "Services\Discount\Discount.Grpc\Discount.Grpc.csproj", "{70564D49-1997-4495-A9A9-048CE3E24AFD}"
EndProject
Global
	GlobalSection(SolutionConfigurationPlatforms) = preSolution
		Debug|Any CPU = Debug|Any CPU
		Release|Any CPU = Release|Any CPU
	EndGlobalSection
	GlobalSection(ProjectConfigurationPlatforms) = postSolution
		{DB41CD61-30FF-441F-80E8-2EDD963593B3}.Debug|Any CPU.ActiveCfg = Debug|Any CPU
		{DB41CD61-30FF-441F-80E8-2EDD963593B3}.Debug|Any CPU.Build.0 = Debug|Any CPU
		{DB41CD61-30FF-441F-80E8-2EDD963593B3}.Release|Any CPU.ActiveCfg = Release|Any CPU
		{DB41CD61-30FF-441F-80E8-2EDD963593B3}.Release|Any CPU.Build.0 = Release|Any CPU
		{58D9401A-9C52-4D11-B013-5BE292566C84}.Debug|Any CPU.ActiveCfg = Debug|Any CPU
		{58D9401A-9C52-4D11-B013-5BE292566C84}.Debug|Any CPU.Build.0 = Debug|Any CPU
		{58D9401A-9C52-4D11-B013-5BE292566C84}.Release|Any CPU.ActiveCfg = Release|Any CPU
		{58D9401A-9C52-4D11-B013-5BE292566C84}.Release|Any CPU.Build.0 = Release|Any CPU
		{0C78F7B7-0374-469A-BC60-DB026E03F75E}.Debug|Any CPU.ActiveCfg = Debug|Any CPU
		{0C78F7B7-0374-469A-BC60-DB026E03F75E}.Debug|Any CPU.Build.0 = Debug|Any CPU
		{0C78F7B7-0374-469A-BC60-DB026E03F75E}.Release|Any CPU.ActiveCfg = Release|Any CPU
		{0C78F7B7-0374-469A-BC60-DB026E03F75E}.Release|Any CPU.Build.0 = Release|Any CPU
		{C9881001-1BC4-4D38-9124-F10D28A854FC}.Debug|Any CPU.ActiveCfg = Debug|Any CPU
		{C9881001-1BC4-4D38-9124-F10D28A854FC}.Debug|Any CPU.Build.0 = Debug|Any CPU
		{C9881001-1BC4-4D38-9124-F10D28A854FC}.Release|Any CPU.ActiveCfg = Release|Any CPU
		{C9881001-1BC4-4D38-9124-F10D28A854FC}.Release|Any CPU.Build.0 = Release|Any CPU
		{70564D49-1997-4495-A9A9-048CE3E24AFD}.Debug|Any CPU.ActiveCfg = Debug|Any CPU
		{70564D49-1997-4495-A9A9-048CE3E24AFD}.Debug|Any CPU.Build.0 = Debug|Any CPU
		{70564D49-1997-4495-A9A9-048CE3E24AFD}.Release|Any CPU.ActiveCfg = Release|Any CPU
		{70564D49-1997-4495-A9A9-048CE3E24AFD}.Release|Any CPU.Build.0 = Release|Any CPU
	EndGlobalSection
	GlobalSection(SolutionProperties) = preSolution
		HideSolutionNode = FALSE
	EndGlobalSection
	GlobalSection(NestedProjects) = preSolution
		{5E0C24C5-724F-44AC-BC72-446AFB99E979} = {AB9B1262-9BEE-4FEF-9FBF-D807A69D25A6}
		{DB41CD61-30FF-441F-80E8-2EDD963593B3} = {5E0C24C5-724F-44AC-BC72-446AFB99E979}
		{58D9401A-9C52-4D11-B013-5BE292566C84} = {D5830BC0-A693-4572-ADBB-F05F2506B985}
		{F9EFAB04-D6D9-4CA9-8204-D0ECB74A987B} = {AB9B1262-9BEE-4FEF-9FBF-D807A69D25A6}
		{C9881001-1BC4-4D38-9124-F10D28A854FC} = {F9EFAB04-D6D9-4CA9-8204-D0ECB74A987B}
		{CC7BD54F-DF89-4F0D-844B-CB30177E4983} = {AB9B1262-9BEE-4FEF-9FBF-D807A69D25A6}
		{70564D49-1997-4495-A9A9-048CE3E24AFD} = {CC7BD54F-DF89-4F0D-844B-CB30177E4983}
	EndGlobalSection
	GlobalSection(ExtensibilityGlobals) = postSolution
		SolutionGuid = {3117646E-7C88-4933-A905-4C7EC3976604}
	EndGlobalSection
EndGlobal
